
Microsoft Visual Studio Solution File, Format Version 12.00
# Visual Studio Version 17
VisualStudioVersion = 17.8.34309.116
MinimumVisualStudioVersion = 10.0.40219.1
Project("{9A19103F-16F7-4668-BE54-9A1E7A4F7556}") = "Line.Messaging", "Line.Messaging.csproj", "{686F99EC-B73B-461F-917F-99E7C45BA24C}"
EndProject
Global
	GlobalSection(SolutionConfigurationPlatforms) = preSolution
		Debug|Any CPU = Debug|Any CPU
		Release|Any CPU = Release|Any CPU
	EndGlobalSection
	GlobalSection(ProjectConfigurationPlatforms) = postSolution
		{686F99EC-B73B-461F-917F-99E7C45BA24C}.Debug|Any CPU.ActiveCfg = Debug|Any CPU
		{686F99EC-B73B-461F-917F-99E7C45BA24C}.Debug|Any CPU.Build.0 = Debug|Any CPU
		{686F99EC-B73B-461F-917F-99E7C45BA24C}.Release|Any CPU.ActiveCfg = Release|Any CPU
		{686F99EC-B73B-461F-917F-99E7C45BA24C}.Release|Any CPU.Build.0 = Release|Any CPU
	EndGlobalSection
	GlobalSection(SolutionProperties) = preSolution
		HideSolutionNode = FALSE
	EndGlobalSection
	GlobalSection(ExtensibilityGlobals) = postSolution
		SolutionGuid = {A64A1E40-FACE-4438-A996-3631178A9796}
	EndGlobalSection
EndGlobal
